
Microsoft Visual Studio Solution File, Format Version 12.00
# Visual Studio Version 16
VisualStudioVersion = 16.0.29609.76
MinimumVisualStudioVersion = 10.0.40219.1
Project("{FAE04EC0-301F-11D3-BF4B-00C04F79EFBC}") = "MultiscaleApplication", "..\..\..\Desktop\MultiscaleApplication\MultiscaleApplication.csproj", "{7C41B022-2957-43F7-845B-12AB9803EBA2}"
EndProject
Project("{FAE04EC0-301F-11D3-BF4B-00C04F79EFBC}") = "MonteCarloApp", "..\..\..\Desktop\MonteCarloApp\MonteCarloApp\MonteCarloApp.csproj", "{450BD50D-00D7-49DC-85A1-7285ADDF9543}"
EndProject
Global
	GlobalSection(SolutionConfigurationPlatforms) = preSolution
		Debug|Any CPU = Debug|Any CPU
		Release|Any CPU = Release|Any CPU
	EndGlobalSection
	GlobalSection(ProjectConfigurationPlatforms) = postSolution
		{7C41B022-2957-43F7-845B-12AB9803EBA2}.Debug|Any CPU.ActiveCfg = Debug|Any CPU
		{7C41B022-2957-43F7-845B-12AB9803EBA2}.Debug|Any CPU.Build.0 = Debug|Any CPU
		{7C41B022-2957-43F7-845B-12AB9803EBA2}.Release|Any CPU.ActiveCfg = Release|Any CPU
		{7C41B022-2957-43F7-845B-12AB9803EBA2}.Release|Any CPU.Build.0 = Release|Any CPU
		{450BD50D-00D7-49DC-85A1-7285ADDF9543}.Debug|Any CPU.ActiveCfg = Debug|Any CPU
		{450BD50D-00D7-49DC-85A1-7285ADDF9543}.Debug|Any CPU.Build.0 = Debug|Any CPU
		{450BD50D-00D7-49DC-85A1-7285ADDF9543}.Release|Any CPU.ActiveCfg = Release|Any CPU
		{450BD50D-00D7-49DC-85A1-7285ADDF9543}.Release|Any CPU.Build.0 = Release|Any CPU
	EndGlobalSection
	GlobalSection(SolutionProperties) = preSolution
		HideSolutionNode = FALSE
	EndGlobalSection
	GlobalSection(ExtensibilityGlobals) = postSolution
		SolutionGuid = {4CD12148-DDB9-415C-A9AF-073930C9E5B4}
	EndGlobalSection
EndGlobal
